lockfileVersion: '9.0'

settings:
  autoInstallPeers: true
  excludeLinksFromLockfile: false

importers:

  .:
    dependencies:
      '@aztec/bb.js':
        specifier: 4.3.1
        version: 4.3.1
      '@noble/hashes':
        specifier: ^1.8.0
        version: 1.8.0
      '@noir-lang/acvm_js':
        specifier: 1.0.0-beta.17
        version: 1.0.0-beta.17
      '@noir-lang/noir_js':
        specifier: 1.0.0-beta.17
        version: 1.0.0-beta.17
      '@noir-lang/noirc_abi':
        specifier: 1.0.0-beta.17
        version: 1.0.0-beta.17
      noir-jwt:
        specifier: 0.4.5
        version: 0.4.5

packages:

  '@aztec/bb.js@4.3.1':
    resolution: {integrity: sha512-qIUgIxcr0Sn8zDCGXm5L+IOhwTxUv0QPzfCeKpNkpy8IbV/0oPbPKTW1U3iqI8zXSiJ0Zkw/ysBdlCyN5cWezw==}
    hasBin: true

  '@msgpackr-extract/msgpackr-extract-darwin-arm64@3.0.4':
    resolution: {integrity: sha512-LCkGo6JDfaBhgST7UpPWgNgLINpcpabaHfyz5OBx75nUYxBsaEPxjnyNjWpeb/xBup/682QnBfRBy2/LvPutZQ==}
    cpu: [arm64]
    os: [darwin]

  '@msgpackr-extract/msgpackr-extract-darwin-x64@3.0.4':
    resolution: {integrity: sha512-zExlW9zUJKZH/tOtVMttwjKa4Xm/3KcNjnE3dPN92uCktwavMxpgCA3MoJK/DOnTWsQgo224OaST27/mPNAf+w==}
    cpu: [x64]
    os: [darwin]

  '@msgpackr-extract/msgpackr-extract-linux-arm64@3.0.4':
    resolution: {integrity: sha512-dgX0P/9wGPJeHFBG+ZmhgE6bmtMt7NP5CRBGyyktpopdk/mW4POnrpQsSLtKI1dwpc+pPLuXHDh6vvskyQE/sw==}
    cpu: [arm64]
    os: [linux]

  '@msgpackr-extract/msgpackr-extract-linux-arm@3.0.4':
    resolution: {integrity: sha512-Tg3yX65f5GbtXLkrYEHE5oibZG9epyYWas7FogTTEJeDEF9JlXJzKgXaNhT3UXlTOeA+AfZpYZYZ0uPj7Cfquw==}
    cpu: [arm]
    os: [linux]

  '@msgpackr-extract/msgpackr-extract-linux-x64@3.0.4':
    resolution: {integrity: sha512-8TNXMEjJc3QEy7R/x1INhgiU+XakDAFUzBhaz7+Rbrs8NH5UQeHQxxmzsSBJGyV6I1jW79undiQm8tOI+D+8FQ==}
    cpu: [x64]
    os: [linux]

  '@msgpackr-extract/msgpackr-extract-win32-x64@3.0.4':
    resolution: {integrity: sha512-CmCXPQrkbwExx3j946/PtHWHbYJiCRBRDl4BlkRQcJB/YOwQxJRTpoo7aTsortjgoJ1x7opzTSxn7C+ASSLVjQ==}
    cpu: [x64]
    os: [win32]

  '@noble/hashes@1.8.0':
    resolution: {integrity: sha512-jCs9ldd7NwzpgXDIf6P3+NrHh9/sD6CQdxHyjQI+h/6rDNo88ypBxxz45UDuZHz9r3tNz7N/VInSVoVdtXEI4A==}
    engines: {node: ^14.21.3 || >=16}

  '@noir-lang/acvm_js@1.0.0-beta.17':
    resolution: {integrity: sha512-kA1HYgBtDJnOEZUfClXcnHItrIbLnnW/UJYu3fC4g8yIy4fWMJPHVhbjLRRkZSUFQc8zsWCuWcp8M2rOJQzL8g==}

  '@noir-lang/noir_js@1.0.0-beta.17':
    resolution: {integrity: sha512-erS6NbHYI9l06mwPngr/P+8iSxqOt7PsfOC9TXD1WjkewF/Red5MVKHClKGkMF6AB87kRoaEhLbvLUv9768N7Q==}

  '@noir-lang/noirc_abi@1.0.0-beta.17':
    resolution: {integrity: sha512-7P6+29QrFkQZH0i2+F5GkqCq4KdiOGiQXe+OSBIjuxAQPgGOU+l2dGwIzZuOhbUYfjz5DYTKRWsT9Pu7Tr1a9g==}

  '@noir-lang/types@1.0.0-beta.17':
    resolution: {integrity: sha512-zCAXeNEx2xksQe0+Sn4m82M5HuM3NvZx3YV2tuSUSbqv63BFFUQ3QbzW3lYtP+OY3CNcaWSRdRIHjUqlcsTGUw==}

  comlink@4.4.2:
    resolution: {integrity: sha512-OxGdvBmJuNKSCMO4NTl1L47VRp6xn2wG4F/2hYzB6tiCb709otOxtEYCSvK80PtjODfXXZu8ds+Nw5kVCjqd2g==}

  commander@12.1.0:
    resolution: {integrity: sha512-Vw8qHK3bZM9y/P10u3Vib8o/DdkvA2OtPtZvD871QKjy74Wj1WSKFILMPRPSdUSx5RFK1arlJzEtA4PkFgnbuA==}
    engines: {node: '>=18'}

  detect-libc@2.1.2:
    resolution: {integrity: sha512-Btj2BOOO83o3WyH59e8MgXsxEQVcarkUOpEYrubB0urwnN10yQ364rsiByU11nZlqWYZm05i/of7io4mzihBtQ==}
    engines: {node: '>=8'}

  idb-keyval@6.2.5:
    resolution: {integrity: sha512-eKQkTnS0relYsSOYomx8ozIbmdsQCKUdhyuIaQ2DZgKuaxtyQQMkyD/wlnQN32pO3yutN1b1L8uqwcDKaJd7/Q==}

  msgpackr-extract@3.0.4:
    resolution: {integrity: sha512-4kmO/MdyUIkLIvTPr8VHLil4AtoKIoniWPIEk5+CDy0xnWC84azhSFmuJ7PxZdsYtiP5kEeQsORAVIeMgxT+Hw==}
    hasBin: true

  msgpackr@1.12.1:
    resolution: {integrity: sha512-4EUH9tQHnMmEgzW/MdAP0KIfa1T9AF+htl0ffe2n5vb2EKn9y2co8ccpgWko6S52Jy1PQZKwRnx5/KkYjtd9MQ==}

  node-gyp-build-optional-packages@5.2.2:
    resolution: {integrity: sha512-s+w+rBWnpTMwSFbaE0UXsRlg7hU4FjekKU4eyAih5T8nJuNZT1nNsskXpxmeqSK9UzkBl6UgRlnKc8hz8IEqOw==}
    hasBin: true

  noir-jwt@0.4.5:
    resolution: {integrity: sha512-7v3wj/Www6ebtkcjpDahCRMlCeAOHys1r0BPYBX45pJ1UiogXL3mNsWc2LPeKn7/2gw+nnF4D9liS9t21MiOjg==}

  pako@2.1.0:
    resolution: {integrity: sha512-w+eufiZ1WuJYgPXbV/PO3NCMEc3xqylkKHzp8bxp1uW4qaSNQUkwmLLEc3kKsfz8lpV1F8Ht3U1Cm+9Srog2ug==}

  tslib@2.8.1:
    resolution: {integrity: sha512-oJFu94HQb+KVduSUQL7wnpmqnfmLsOA/nAh6b6EH0wCEoK0/mPeXU6c3wKDV83MkOuHPRHtSXKKU99IBazS/2w==}

snapshots:

  '@aztec/bb.js@4.3.1':
    dependencies:
      comlink: 4.4.2
      commander: 12.1.0
      idb-keyval: 6.2.5
      msgpackr: 1.12.1
      pako: 2.1.0
      tslib: 2.8.1

  '@msgpackr-extract/msgpackr-extract-darwin-arm64@3.0.4':
    optional: true

  '@msgpackr-extract/msgpackr-extract-darwin-x64@3.0.4':
    optional: true

  '@msgpackr-extract/msgpackr-extract-linux-arm64@3.0.4':
    optional: true

  '@msgpackr-extract/msgpackr-extract-linux-arm@3.0.4':
    optional: true

  '@msgpackr-extract/msgpackr-extract-linux-x64@3.0.4':
    optional: true

  '@msgpackr-extract/msgpackr-extract-win32-x64@3.0.4':
    optional: true

  '@noble/hashes@1.8.0': {}

  '@noir-lang/acvm_js@1.0.0-beta.17': {}

  '@noir-lang/noir_js@1.0.0-beta.17':
    dependencies:
      '@noir-lang/acvm_js': 1.0.0-beta.17
      '@noir-lang/noirc_abi': 1.0.0-beta.17
      '@noir-lang/types': 1.0.0-beta.17
      pako: 2.1.0

  '@noir-lang/noirc_abi@1.0.0-beta.17':
    dependencies:
      '@noir-lang/types': 1.0.0-beta.17

  '@noir-lang/types@1.0.0-beta.17': {}

  comlink@4.4.2: {}

  commander@12.1.0: {}

  detect-libc@2.1.2:
    optional: true

  idb-keyval@6.2.5: {}

  msgpackr-extract@3.0.4:
    dependencies:
      node-gyp-build-optional-packages: 5.2.2
    optionalDependencies:
      '@msgpackr-extract/msgpackr-extract-darwin-arm64': 3.0.4
      '@msgpackr-extract/msgpackr-extract-darwin-x64': 3.0.4
      '@msgpackr-extract/msgpackr-extract-linux-arm': 3.0.4
      '@msgpackr-extract/msgpackr-extract-linux-arm64': 3.0.4
      '@msgpackr-extract/msgpackr-extract-linux-x64': 3.0.4
      '@msgpackr-extract/msgpackr-extract-win32-x64': 3.0.4
    optional: true

  msgpackr@1.12.1:
    optionalDependencies:
      msgpackr-extract: 3.0.4

  node-gyp-build-optional-packages@5.2.2:
    dependencies:
      detect-libc: 2.1.2
    optional: true

  noir-jwt@0.4.5: {}

  pako@2.1.0: {}

  tslib@2.8.1: {}
